{
  "originHash" : "644371904a6ca2f1d71f7dbe8d023d98a6196db86bed27da11cc98eaea1f6388",
  "pins" : [
    {
      "identity" : "goodextensions-ios",
      "kind" : "remoteSourceControl",
      "location" : "https://github.com/GoodRequest/GoodExtensions-iOS.git",
      "state" : {
        "revision" : "a003cbdf8cbce9f135e9e0ae6a15d962d3607800",
        "version" : "3.0.0"
      }
    },
    {
      "identity" : "swift-syntax",
      "kind" : "remoteSourceControl",
      "location" : "https://github.com/apple/swift-syntax.git",
      "state" : {
        "revision" : "0687f71944021d616d34d922343dcef086855920",
        "version" : "600.0.1"
      }
    }
  ],
  "version" : 3
}
