{
  "originHash" : "ad82aa0d6b95e45bd9f1177ef7840f996ac91f57d5a90fc5fabab39a44e6e742",
  "pins" : [
    {
      "identity" : "combineext",
      "kind" : "remoteSourceControl",
      "location" : "https://github.com/CombineCommunity/CombineExt.git",
      "state" : {
        "revision" : "d7b896fa9ca8b47fa7bcde6b43ef9b70bf8c1f56",
        "version" : "1.8.1"
      }
    },
    {
      "identity" : "goodextensions-ios",
      "kind" : "remoteSourceControl",
      "location" : "https://github.com/GoodRequest/GoodExtensions-iOS.git",
      "state" : {
        "branch" : "test/swift-syntax",
        "revision" : "6ef9dcd0287ef9fff103d3d63366cda116aba04f"
      }
    },
    {
      "identity" : "swift-syntax-xcframeworks",
      "kind" : "remoteSourceControl",
      "location" : "https://github.com/sjavora/swift-syntax-xcframeworks.git",
      "state" : {
        "revision" : "9ee39cc55ade054ed2ec0c6a082476e6d4f074bd",
        "version" : "600.0.1"
      }
    }
  ],
  "version" : 3
}
