// !$*UTF8*$!
{
	archiveVersion = 1;
	classes = {
	};
	objectVersion = 70;
	objects = {

/* Begin PBXBuildFile section */
		3F9F28482A3AECC700D92CA2 /* GRAsyncImage in Frameworks */ = {isa = PBXBuildFile; productRef = 3F9F28472A3AECC700D92CA2 /* GRAsyncImage */; };
		5D740EC629B0BE7300975B8C /* GoodSwiftUI in Frameworks */ = {isa = PBXBuildFile; productRef = 5D740EC529B0BE7300975B8C /* GoodSwiftUI */; };
		7837A1902E0EC10100322920 /* GRButton in Frameworks */ = {isa = PBXBuildFile; productRef = 7837A18F2E0EC10100322920 /* GRButton */; };
		7859231A2E0EBF8100AE0B16 /* InlineSnapshotTesting in Frameworks */ = {isa = PBXBuildFile; productRef = 785923192E0EBF8100AE0B16 /* InlineSnapshotTesting */; };
		7859231C2E0EBF8100AE0B16 /* SnapshotTesting in Frameworks */ = {isa = PBXBuildFile; productRef = 7859231B2E0EBF8100AE0B16 /* SnapshotTesting */; };
		7859231E2E0EBF8100AE0B16 /* SnapshotTestingCustomDump in Frameworks */ = {isa = PBXBuildFile; productRef = 7859231D2E0EBF8100AE0B16 /* SnapshotTestingCustomDump */; };
		78C2ACE02E12A0F700CD05C5 /* GRToggle in Frameworks */ = {isa = PBXBuildFile; productRef = 78C2ACDF2E12A0F700CD05C5 /* GRToggle */; };
		78EF6BA02E1E4ED000BCE708 /* GRInputField in Frameworks */ = {isa = PBXBuildFile; productRef = 78EF6B9F2E1E4ED000BCE708 /* GRInputField */; };
/* End PBXBuildFile section */

/* Begin PBXContainerItemProxy section */
		0942DDE22D91CB61006E7B2D /* PBXContainerItemProxy */ = {
			isa = PBXContainerItemProxy;
			containerPortal = 5D740EA129B0BE0100975B8C /* Project object */;
			proxyType = 1;
			remoteGlobalIDString = 5D740EA829B0BE0100975B8C;
			remoteInfo = "GoodSwiftUI-Sample";
		};
		785923132E0EBEE400AE0B16 /* PBXContainerItemProxy */ = {
			isa = PBXContainerItemProxy;
			containerPortal = 5D740EA129B0BE0100975B8C /* Project object */;
			proxyType = 1;
			remoteGlobalIDString = 5D740EA829B0BE0100975B8C;
			remoteInfo = "GoodSwiftUI-Sample";
		};
/* End PBXContainerItemProxy section */

/* Begin PBXFileReference section */
		0942DDDC2D91CB61006E7B2D /* GoodSwiftUI-UITests.xctest */ = {isa = PBXFileReference; explicitFileType = wrapper.cfbundle; includeInIndex = 0; path = "GoodSwiftUI-UITests.xctest"; sourceTree = BUILT_PRODUCTS_DIR; };
		094FDF232D91D1CB00DB03E3 /* GoodSwiftUI-Sample.xctestplan */ = {isa = PBXFileReference; lastKnownFileType = text; path = "GoodSwiftUI-Sample.xctestplan"; sourceTree = "<group>"; };
		5D740EA929B0BE0100975B8C /* GoodSwiftUI-Sample.app */ = {isa = PBXFileReference; explicitFileType = wrapper.application; includeInIndex = 0; path = "GoodSwiftUI-Sample.app"; sourceTree = BUILT_PRODUCTS_DIR; };
		5D740EC329B0BE5F00975B8C /* GoodSwiftUI */ = {isa = PBXFileReference; lastKnownFileType = wrapper; name = GoodSwiftUI; path = ..; sourceTree = "<group>"; };
		78062C8D2CEDD3BE00281C04 /* GRButtonSampleView.swift */ = {isa = PBXFileReference; lastKnownFileType = sourcecode.swift; path = GRButtonSampleView.swift; sourceTree = "<group>"; };
		7859230D2E0EBEE400AE0B16 /* GoodSwiftUI-SnapshotTests.xctest */ = {isa = PBXFileReference; explicitFileType = wrapper.cfbundle; includeInIndex = 0; path = "GoodSwiftUI-SnapshotTests.xctest"; sourceTree = BUILT_PRODUCTS_DIR; };
		78B2DC2C2CF70B680053DF97 /* GRToggleSampleView.swift */ = {isa = PBXFileReference; lastKnownFileType = sourcecode.swift; path = GRToggleSampleView.swift; sourceTree = "<group>"; };
/* End PBXFileReference section */

/* Begin PBXFileSystemSynchronizedBuildFileExceptionSet section */
		3F19A5E92D41278600C91600 /* PBXFileSystemSynchronizedBuildFileExceptionSet */ = {
			isa = PBXFileSystemSynchronizedBuildFileExceptionSet;
			membershipExceptions = (
				Info.plist,
			);
			target = 5D740EA829B0BE0100975B8C /* GoodSwiftUI-Sample */;
		};
/* End PBXFileSystemSynchronizedBuildFileExceptionSet section */

/* Begin PBXFileSystemSynchronizedRootGroup section */
		0942DDDD2D91CB61006E7B2D /* GoodSwiftUI-UITests */ = {isa = PBXFileSystemSynchronizedRootGroup; explicitFileTypes = {}; explicitFolders = (); path = "GoodSwiftUI-UITests"; sourceTree = "<group>"; };
		3F19A5DC2D41278600C91600 /* GoodSwiftUI-Sample */ = {isa = PBXFileSystemSynchronizedRootGroup; exceptions = (3F19A5E92D41278600C91600 /* PBXFileSystemSynchronizedBuildFileExceptionSet */, ); explicitFileTypes = {}; explicitFolders = (); path = "GoodSwiftUI-Sample"; sourceTree = "<group>"; };
		7859230E2E0EBEE400AE0B16 /* GoodSwiftUI-SnapshotTests */ = {isa = PBXFileSystemSynchronizedRootGroup; explicitFileTypes = {}; explicitFolders = (); path = "GoodSwiftUI-SnapshotTests"; sourceTree = "<group>"; };
/* End PBXFileSystemSynchronizedRootGroup section */

/* Begin PBXFrameworksBuildPhase section */
		0942DDD92D91CB61006E7B2D /* Frameworks */ = {
			isa = PBXFrameworksBuildPhase;
			buildActionMask = 2147483647;
			files = (
			);
			runOnlyForDeploymentPostprocessing = 0;
		};
		5D740EA629B0BE0100975B8C /* Frameworks */ = {
			isa = PBXFrameworksBuildPhase;
			buildActionMask = 2147483647;
			files = (
				3F9F28482A3AECC700D92CA2 /* GRAsyncImage in Frameworks */,
				5D740EC629B0BE7300975B8C /* GoodSwiftUI in Frameworks */,
			);
			runOnlyForDeploymentPostprocessing = 0;
		};
		7859230A2E0EBEE400AE0B16 /* Frameworks */ = {
			isa = PBXFrameworksBuildPhase;
			buildActionMask = 2147483647;
			files = (
				78C2ACE02E12A0F700CD05C5 /* GRToggle in Frameworks */,
				78EF6BA02E1E4ED000BCE708 /* GRInputField in Frameworks */,
				7859231E2E0EBF8100AE0B16 /* SnapshotTestingCustomDump in Frameworks */,
				7837A1902E0EC10100322920 /* GRButton in Frameworks */,
				7859231A2E0EBF8100AE0B16 /* InlineSnapshotTesting in Frameworks */,
				7859231C2E0EBF8100AE0B16 /* SnapshotTesting in Frameworks */,
			);
			runOnlyForDeploymentPostprocessing = 0;
		};
/* End PBXFrameworksBuildPhase section */

/* Begin PBXGroup section */
		3FA663A22D6F164F00269137 /* Recovered References */ = {
			isa = PBXGroup;
			children = (
				78062C8D2CEDD3BE00281C04 /* GRButtonSampleView.swift */,
				78B2DC2C2CF70B680053DF97 /* GRToggleSampleView.swift */,
			);
			name = "Recovered References";
			sourceTree = "<group>";
		};
		5D740EA029B0BE0100975B8C = {
			isa = PBXGroup;
			children = (
				094FDF232D91D1CB00DB03E3 /* GoodSwiftUI-Sample.xctestplan */,
				5D740EC229B0BE5F00975B8C /* Packages */,
				3F19A5DC2D41278600C91600 /* GoodSwiftUI-Sample */,
				0942DDDD2D91CB61006E7B2D /* GoodSwiftUI-UITests */,
				7859230E2E0EBEE400AE0B16 /* GoodSwiftUI-SnapshotTests */,
				5D740EAA29B0BE0100975B8C /* Products */,
				3FA663A22D6F164F00269137 /* Recovered References */,
				7837A18E2E0EC10100322920 /* Frameworks */,
			);
			sourceTree = "<group>";
		};
		5D740EAA29B0BE0100975B8C /* Products */ = {
			isa = PBXGroup;
			children = (
				5D740EA929B0BE0100975B8C /* GoodSwiftUI-Sample.app */,
				0942DDDC2D91CB61006E7B2D /* GoodSwiftUI-UITests.xctest */,
				7859230D2E0EBEE400AE0B16 /* GoodSwiftUI-SnapshotTests.xctest */,
			);
			name = Products;
			sourceTree = "<group>";
		};
		5D740EC229B0BE5F00975B8C /* Packages */ = {
			isa = PBXGroup;
			children = (
				5D740EC329B0BE5F00975B8C /* GoodSwiftUI */,
			);
			name = Packages;
			sourceTree = "<group>";
		};
		7837A18E2E0EC10100322920 /* Frameworks */ = {
			isa = PBXGroup;
			children = (
			);
			name = Frameworks;
			sourceTree = "<group>";
		};
/* End PBXGroup section */

/* Begin PBXNativeTarget section */
		0942DDDB2D91CB61006E7B2D /* GoodSwiftUI-UITests */ = {
			isa = PBXNativeTarget;
			buildConfigurationList = 0942DDE42D91CB61006E7B2D /* Build configuration list for PBXNativeTarget "GoodSwiftUI-UITests" */;
			buildPhases = (
				0942DDD82D91CB61006E7B2D /* Sources */,
				0942DDD92D91CB61006E7B2D /* Frameworks */,
				0942DDDA2D91CB61006E7B2D /* Resources */,
			);
			buildRules = (
			);
			dependencies = (
				0942DDE32D91CB61006E7B2D /* PBXTargetDependency */,
			);
			fileSystemSynchronizedGroups = (
				0942DDDD2D91CB61006E7B2D /* GoodSwiftUI-UITests */,
			);
			name = "GoodSwiftUI-UITests";
			packageProductDependencies = (
			);
			productName = "GoodSwiftUI-UITests";
			productReference = 0942DDDC2D91CB61006E7B2D /* GoodSwiftUI-UITests.xctest */;
			productType = "com.apple.product-type.bundle.ui-testing";
		};
		5D740EA829B0BE0100975B8C /* GoodSwiftUI-Sample */ = {
			isa = PBXNativeTarget;
			buildConfigurationList = 5D740EBF29B0BE0200975B8C /* Build configuration list for PBXNativeTarget "GoodSwiftUI-Sample" */;
			buildPhases = (
				5D740EA529B0BE0100975B8C /* Sources */,
				5D740EA629B0BE0100975B8C /* Frameworks */,
				5D740EA729B0BE0100975B8C /* Resources */,
			);
			buildRules = (
			);
			dependencies = (
			);
			fileSystemSynchronizedGroups = (
				3F19A5DC2D41278600C91600 /* GoodSwiftUI-Sample */,
			);
			name = "GoodSwiftUI-Sample";
			packageProductDependencies = (
				5D740EC529B0BE7300975B8C /* GoodSwiftUI */,
				3F9F28472A3AECC700D92CA2 /* GRAsyncImage */,
			);
			productName = "GoodSwiftUI-Sample";
			productReference = 5D740EA929B0BE0100975B8C /* GoodSwiftUI-Sample.app */;
			productType = "com.apple.product-type.application";
		};
		7859230C2E0EBEE400AE0B16 /* GoodSwiftUI-SnapshotTests */ = {
			isa = PBXNativeTarget;
			buildConfigurationList = 785923172E0EBEE400AE0B16 /* Build configuration list for PBXNativeTarget "GoodSwiftUI-SnapshotTests" */;
			buildPhases = (
				785923092E0EBEE400AE0B16 /* Sources */,
				7859230A2E0EBEE400AE0B16 /* Frameworks */,
				7859230B2E0EBEE400AE0B16 /* Resources */,
			);
			buildRules = (
			);
			dependencies = (
				785923142E0EBEE400AE0B16 /* PBXTargetDependency */,
			);
			fileSystemSynchronizedGroups = (
				7859230E2E0EBEE400AE0B16 /* GoodSwiftUI-SnapshotTests */,
			);
			name = "GoodSwiftUI-SnapshotTests";
			packageProductDependencies = (
				785923192E0EBF8100AE0B16 /* InlineSnapshotTesting */,
				7859231B2E0EBF8100AE0B16 /* SnapshotTesting */,
				7859231D2E0EBF8100AE0B16 /* SnapshotTestingCustomDump */,
				7837A18F2E0EC10100322920 /* GRButton */,
				78C2ACDF2E12A0F700CD05C5 /* GRToggle */,
				78EF6B9F2E1E4ED000BCE708 /* GRInputField */,
			);
			productName = "GoodSwiftUI-SnapshotTests";
			productReference = 7859230D2E0EBEE400AE0B16 /* GoodSwiftUI-SnapshotTests.xctest */;
			productType = "com.apple.product-type.bundle.ui-testing";
		};
/* End PBXNativeTarget section */

/* Begin PBXProject section */
		5D740EA129B0BE0100975B8C /* Project object */ = {
			isa = PBXProject;
			attributes = {
				BuildIndependentTargetsInParallel = 1;
				LastSwiftUpdateCheck = 1620;
				LastUpgradeCheck = 1420;
				TargetAttributes = {
					0942DDDB2D91CB61006E7B2D = {
						CreatedOnToolsVersion = 16.2;
						TestTargetID = 5D740EA829B0BE0100975B8C;
					};
					5D740EA829B0BE0100975B8C = {
						CreatedOnToolsVersion = 14.2;
					};
					7859230C2E0EBEE400AE0B16 = {
						CreatedOnToolsVersion = 16.2;
						TestTargetID = 5D740EA829B0BE0100975B8C;
					};
				};
			};
			buildConfigurationList = 5D740EA429B0BE0100975B8C /* Build configuration list for PBXProject "GoodSwiftUI-Sample" */;
			compatibilityVersion = "Xcode 14.0";
			developmentRegion = en;
			hasScannedForEncodings = 0;
			knownRegions = (
				en,
				Base,
			);
			mainGroup = 5D740EA029B0BE0100975B8C;
			packageReferences = (
				785923182E0EBF8100AE0B16 /* XCRemoteSwiftPackageReference "swift-snapshot-testing" */,
			);
			productRefGroup = 5D740EAA29B0BE0100975B8C /* Products */;
			projectDirPath = "";
			projectRoot = "";
			targets = (
				5D740EA829B0BE0100975B8C /* GoodSwiftUI-Sample */,
				0942DDDB2D91CB61006E7B2D /* GoodSwiftUI-UITests */,
				7859230C2E0EBEE400AE0B16 /* GoodSwiftUI-SnapshotTests */,
			);
		};
/* End PBXProject section */

/* Begin PBXResourcesBuildPhase section */
		0942DDDA2D91CB61006E7B2D /* Resources */ = {
			isa = PBXResourcesBuildPhase;
			buildActionMask = 2147483647;
			files = (
			);
			runOnlyForDeploymentPostprocessing = 0;
		};
		5D740EA729B0BE0100975B8C /* Resources */ = {
			isa = PBXResourcesBuildPhase;
			buildActionMask = 2147483647;
			files = (
			);
			runOnlyForDeploymentPostprocessing = 0;
		};
		7859230B2E0EBEE400AE0B16 /* Resources */ = {
			isa = PBXResourcesBuildPhase;
			buildActionMask = 2147483647;
			files = (
			);
			runOnlyForDeploymentPostprocessing = 0;
		};
/* End PBXResourcesBuildPhase section */

/* Begin PBXSourcesBuildPhase section */
		0942DDD82D91CB61006E7B2D /* Sources */ = {
			isa = PBXSourcesBuildPhase;
			buildActionMask = 2147483647;
			files = (
			);
			runOnlyForDeploymentPostprocessing = 0;
		};
		5D740EA529B0BE0100975B8C /* Sources */ = {
			isa = PBXSourcesBuildPhase;
			buildActionMask = 2147483647;
			files = (
			);
			runOnlyForDeploymentPostprocessing = 0;
		};
		785923092E0EBEE400AE0B16 /* Sources */ = {
			isa = PBXSourcesBuildPhase;
			buildActionMask = 2147483647;
			files = (
			);
			runOnlyForDeploymentPostprocessing = 0;
		};
/* End PBXSourcesBuildPhase section */

/* Begin PBXTargetDependency section */
		0942DDE32D91CB61006E7B2D /* PBXTargetDependency */ = {
			isa = PBXTargetDependency;
			target = 5D740EA829B0BE0100975B8C /* GoodSwiftUI-Sample */;
			targetProxy = 0942DDE22D91CB61006E7B2D /* PBXContainerItemProxy */;
		};
		785923142E0EBEE400AE0B16 /* PBXTargetDependency */ = {
			isa = PBXTargetDependency;
			target = 5D740EA829B0BE0100975B8C /* GoodSwiftUI-Sample */;
			targetProxy = 785923132E0EBEE400AE0B16 /* PBXContainerItemProxy */;
		};
/* End PBXTargetDependency section */

/* Begin XCBuildConfiguration section */
		0942DDE52D91CB61006E7B2D /* Debug */ = {
			isa = XCBuildConfiguration;
			buildSettings = {
				ASSETCATALOG_COMPILER_GENERATE_SWIFT_ASSET_SYMBOL_EXTENSIONS = YES;
				CODE_SIGN_STYLE = Automatic;
				CURRENT_PROJECT_VERSION = 1;
				DEVELOPMENT_TEAM = FFZN8CA2AB;
				ENABLE_USER_SCRIPT_SANDBOXING = YES;
				GCC_C_LANGUAGE_STANDARD = gnu17;
				GENERATE_INFOPLIST_FILE = YES;
				IPHONEOS_DEPLOYMENT_TARGET = 18.0;
				LOCALIZATION_PREFERS_STRING_CATALOGS = YES;
				MACOSX_DEPLOYMENT_TARGET = 15.0;
				MARKETING_VERSION = 1.0;
				PRODUCT_BUNDLE_IDENTIFIER = "com.goodrequest.GoodSwiftUI-UITests";
				PRODUCT_NAME = "$(TARGET_NAME)";
				SDKROOT = auto;
				SUPPORTED_PLATFORMS = "iphoneos iphonesimulator";
				SUPPORTS_MACCATALYST = NO;
				SWIFT_ACTIVE_COMPILATION_CONDITIONS = "DEBUG $(inherited)";
				SWIFT_EMIT_LOC_STRINGS = NO;
				SWIFT_VERSION = 5.0;
				TARGETED_DEVICE_FAMILY = 1;
				TEST_TARGET_NAME = "GoodSwiftUI-Sample";
				XROS_DEPLOYMENT_TARGET = 2.2;
			};
			name = Debug;
		};
		0942DDE62D91CB61006E7B2D /* Release */ = {
			isa = XCBuildConfiguration;
			buildSettings = {
				ASSETCATALOG_COMPILER_GENERATE_SWIFT_ASSET_SYMBOL_EXTENSIONS = YES;
				CODE_SIGN_STYLE = Automatic;
				CURRENT_PROJECT_VERSION = 1;
				DEVELOPMENT_TEAM = FFZN8CA2AB;
				ENABLE_USER_SCRIPT_SANDBOXING = YES;
				GCC_C_LANGUAGE_STANDARD = gnu17;
				GENERATE_INFOPLIST_FILE = YES;
				IPHONEOS_DEPLOYMENT_TARGET = 18.0;
				LOCALIZATION_PREFERS_STRING_CATALOGS = YES;
				MACOSX_DEPLOYMENT_TARGET = 15.0;
				MARKETING_VERSION = 1.0;
				PRODUCT_BUNDLE_IDENTIFIER = "com.goodrequest.GoodSwiftUI-UITests";
				PRODUCT_NAME = "$(TARGET_NAME)";
				SDKROOT = auto;
				SUPPORTED_PLATFORMS = "iphoneos iphonesimulator";
				SUPPORTS_MACCATALYST = NO;
				SWIFT_EMIT_LOC_STRINGS = NO;
				SWIFT_VERSION = 5.0;
				TARGETED_DEVICE_FAMILY = 1;
				TEST_TARGET_NAME = "GoodSwiftUI-Sample";
				XROS_DEPLOYMENT_TARGET = 2.2;
			};
			name = Release;
		};
		5D740EBD29B0BE0200975B8C /* Debug */ = {
			isa = XCBuildConfiguration;
			buildSettings = {
				ALWAYS_SEARCH_USER_PATHS = NO;
				CLANG_ANALYZER_NONNULL = YES;
				CLANG_ANALYZER_NUMBER_OBJECT_CONVERSION = YES_AGGRESSIVE;
				CLANG_CXX_LANGUAGE_STANDARD = "gnu++20";
				CLANG_ENABLE_MODULES = YES;
				CLANG_ENABLE_OBJC_ARC = YES;
				CLANG_ENABLE_OBJC_WEAK = YES;
				CLANG_WARN_BLOCK_CAPTURE_AUTORELEASING = YES;
				CLANG_WARN_BOOL_CONVERSION = YES;
				CLANG_WARN_COMMA = YES;
				CLANG_WARN_CONSTANT_CONVERSION = YES;
				CLANG_WARN_DEPRECATED_OBJC_IMPLEMENTATIONS = YES;
				CLANG_WARN_DIRECT_OBJC_ISA_USAGE = YES_ERROR;
				CLANG_WARN_DOCUMENTATION_COMMENTS = YES;
				CLANG_WARN_EMPTY_BODY = YES;
				CLANG_WARN_ENUM_CONVERSION = YES;
				CLANG_WARN_INFINITE_RECURSION = YES;
				CLANG_WARN_INT_CONVERSION = YES;
				CLANG_WARN_NON_LITERAL_NULL_CONVERSION = YES;
				CLANG_WARN_OBJC_IMPLICIT_RETAIN_SELF = YES;
				CLANG_WARN_OBJC_LITERAL_CONVERSION = YES;
				CLANG_WARN_OBJC_ROOT_CLASS = YES_ERROR;
				CLANG_WARN_QUOTED_INCLUDE_IN_FRAMEWORK_HEADER = YES;
				CLANG_WARN_RANGE_LOOP_ANALYSIS = YES;
				CLANG_WARN_STRICT_PROTOTYPES = YES;
				CLANG_WARN_SUSPICIOUS_MOVE = YES;
				CLANG_WARN_UNGUARDED_AVAILABILITY = YES_AGGRESSIVE;
				CLANG_WARN_UNREACHABLE_CODE = YES;
				CLANG_WARN__DUPLICATE_METHOD_MATCH = YES;
				COPY_PHASE_STRIP = NO;
				DEBUG_INFORMATION_FORMAT = dwarf;
				ENABLE_STRICT_OBJC_MSGSEND = YES;
				ENABLE_TESTABILITY = YES;
				GCC_C_LANGUAGE_STANDARD = gnu11;
				GCC_DYNAMIC_NO_PIC = NO;
				GCC_NO_COMMON_BLOCKS = YES;
				GCC_OPTIMIZATION_LEVEL = 0;
				GCC_PREPROCESSOR_DEFINITIONS = (
					"DEBUG=1",
					"$(inherited)",
				);
				GCC_WARN_64_TO_32_BIT_CONVERSION = YES;
				GCC_WARN_ABOUT_RETURN_TYPE = YES_ERROR;
				GCC_WARN_UNDECLARED_SELECTOR = YES;
				GCC_WARN_UNINITIALIZED_AUTOS = YES_AGGRESSIVE;
				GCC_WARN_UNUSED_FUNCTION = YES;
				GCC_WARN_UNUSED_VARIABLE = YES;
				IPHONEOS_DEPLOYMENT_TARGET = 16.2;
				MTL_ENABLE_DEBUG_INFO = INCLUDE_SOURCE;
				MTL_FAST_MATH = YES;
				ONLY_ACTIVE_ARCH = YES;
				SDKROOT = iphoneos;
				SWIFT_ACTIVE_COMPILATION_CONDITIONS = DEBUG;
				SWIFT_OPTIMIZATION_LEVEL = "-Onone";
				SWIFT_VERSION = 6.0;
			};
			name = Debug;
		};
		5D740EBE29B0BE0200975B8C /* Release */ = {
			isa = XCBuildConfiguration;
			buildSettings = {
				ALWAYS_SEARCH_USER_PATHS = NO;
				CLANG_ANALYZER_NONNULL = YES;
				CLANG_ANALYZER_NUMBER_OBJECT_CONVERSION = YES_AGGRESSIVE;
				CLANG_CXX_LANGUAGE_STANDARD = "gnu++20";
				CLANG_ENABLE_MODULES = YES;
				CLANG_ENABLE_OBJC_ARC = YES;
				CLANG_ENABLE_OBJC_WEAK = YES;
				CLANG_WARN_BLOCK_CAPTURE_AUTORELEASING = YES;
				CLANG_WARN_BOOL_CONVERSION = YES;
				CLANG_WARN_COMMA = YES;
				CLANG_WARN_CONSTANT_CONVERSION = YES;
				CLANG_WARN_DEPRECATED_OBJC_IMPLEMENTATIONS = YES;
				CLANG_WARN_DIRECT_OBJC_ISA_USAGE = YES_ERROR;
				CLANG_WARN_DOCUMENTATION_COMMENTS = YES;
				CLANG_WARN_EMPTY_BODY = YES;
				CLANG_WARN_ENUM_CONVERSION = YES;
				CLANG_WARN_INFINITE_RECURSION = YES;
				CLANG_WARN_INT_CONVERSION = YES;
				CLANG_WARN_NON_LITERAL_NULL_CONVERSION = YES;
				CLANG_WARN_OBJC_IMPLICIT_RETAIN_SELF = YES;
				CLANG_WARN_OBJC_LITERAL_CONVERSION = YES;
				CLANG_WARN_OBJC_ROOT_CLASS = YES_ERROR;
				CLANG_WARN_QUOTED_INCLUDE_IN_FRAMEWORK_HEADER = YES;
				CLANG_WARN_RANGE_LOOP_ANALYSIS = YES;
				CLANG_WARN_STRICT_PROTOTYPES = YES;
				CLANG_WARN_SUSPICIOUS_MOVE = YES;
				CLANG_WARN_UNGUARDED_AVAILABILITY = YES_AGGRESSIVE;
				CLANG_WARN_UNREACHABLE_CODE = YES;
				CLANG_WARN__DUPLICATE_METHOD_MATCH = YES;
				COPY_PHASE_STRIP = NO;
				DEBUG_INFORMATION_FORMAT = "dwarf-with-dsym";
				ENABLE_NS_ASSERTIONS = NO;
				ENABLE_STRICT_OBJC_MSGSEND = YES;
				GCC_C_LANGUAGE_STANDARD = gnu11;
				GCC_NO_COMMON_BLOCKS = YES;
				GCC_WARN_64_TO_32_BIT_CONVERSION = YES;
				GCC_WARN_ABOUT_RETURN_TYPE = YES_ERROR;
				GCC_WARN_UNDECLARED_SELECTOR = YES;
				GCC_WARN_UNINITIALIZED_AUTOS = YES_AGGRESSIVE;
				GCC_WARN_UNUSED_FUNCTION = YES;
				GCC_WARN_UNUSED_VARIABLE = YES;
				IPHONEOS_DEPLOYMENT_TARGET = 16.2;
				MTL_ENABLE_DEBUG_INFO = NO;
				MTL_FAST_MATH = YES;
				SDKROOT = iphoneos;
				SWIFT_COMPILATION_MODE = wholemodule;
				SWIFT_OPTIMIZATION_LEVEL = "-O";
				SWIFT_VERSION = 6.0;
				VALIDATE_PRODUCT = YES;
			};
			name = Release;
		};
		5D740EC029B0BE0200975B8C /* Debug */ = {
			isa = XCBuildConfiguration;
			buildSettings = {
				ASSETCATALOG_COMPILER_APPICON_NAME = AppIcon;
				ASSETCATALOG_COMPILER_GLOBAL_ACCENT_COLOR_NAME = AccentColor;
				CODE_SIGN_STYLE = Automatic;
				CURRENT_PROJECT_VERSION = 1;
				DEVELOPMENT_TEAM = FFZN8CA2AB;
				GENERATE_INFOPLIST_FILE = YES;
				INFOPLIST_FILE = "GoodSwiftUI-Sample/Info.plist";
				INFOPLIST_KEY_UIApplicationSupportsIndirectInputEvents = YES;
				INFOPLIST_KEY_UILaunchStoryboardName = LaunchScreen;
				INFOPLIST_KEY_UISupportedInterfaceOrientations_iPad = "UIInterfaceOrientationPortrait UIInterfaceOrientationPortraitUpsideDown UIInterfaceOrientationLandscapeLeft UIInterfaceOrientationLandscapeRight";
				INFOPLIST_KEY_UISupportedInterfaceOrientations_iPhone = "UIInterfaceOrientationPortrait UIInterfaceOrientationLandscapeLeft UIInterfaceOrientationLandscapeRight";
				INFOPLIST_KEY_UISupportsDocumentBrowser = YES;
				LD_RUNPATH_SEARCH_PATHS = (
					"$(inherited)",
					"@executable_path/Frameworks",
				);
				MARKETING_VERSION = 1.0;
				PRODUCT_BUNDLE_IDENTIFIER = "com.goodrequest.GoodSwiftUI-Sample";
				PRODUCT_NAME = "$(TARGET_NAME)";
				SWIFT_EMIT_LOC_STRINGS = YES;
				SWIFT_VERSION = 5.0;
				TARGETED_DEVICE_FAMILY = "1,2";
			};
			name = Debug;
		};
		5D740EC129B0BE0200975B8C /* Release */ = {
			isa = XCBuildConfiguration;
			buildSettings = {
				ASSETCATALOG_COMPILER_APPICON_NAME = AppIcon;
				ASSETCATALOG_COMPILER_GLOBAL_ACCENT_COLOR_NAME = AccentColor;
				CODE_SIGN_STYLE = Automatic;
				CURRENT_PROJECT_VERSION = 1;
				DEVELOPMENT_TEAM = FFZN8CA2AB;
				GENERATE_INFOPLIST_FILE = YES;
				INFOPLIST_FILE = "GoodSwiftUI-Sample/Info.plist";
				INFOPLIST_KEY_UIApplicationSupportsIndirectInputEvents = YES;
				INFOPLIST_KEY_UILaunchStoryboardName = LaunchScreen;
				INFOPLIST_KEY_UISupportedInterfaceOrientations_iPad = "UIInterfaceOrientationPortrait UIInterfaceOrientationPortraitUpsideDown UIInterfaceOrientationLandscapeLeft UIInterfaceOrientationLandscapeRight";
				INFOPLIST_KEY_UISupportedInterfaceOrientations_iPhone = "UIInterfaceOrientationPortrait UIInterfaceOrientationLandscapeLeft UIInterfaceOrientationLandscapeRight";
				INFOPLIST_KEY_UISupportsDocumentBrowser = YES;
				LD_RUNPATH_SEARCH_PATHS = (
					"$(inherited)",
					"@executable_path/Frameworks",
				);
				MARKETING_VERSION = 1.0;
				PRODUCT_BUNDLE_IDENTIFIER = "com.goodrequest.GoodSwiftUI-Sample";
				PRODUCT_NAME = "$(TARGET_NAME)";
				SWIFT_EMIT_LOC_STRINGS = YES;
				SWIFT_VERSION = 5.0;
				TARGETED_DEVICE_FAMILY = "1,2";
			};
			name = Release;
		};
		785923152E0EBEE400AE0B16 /* Debug */ = {
			isa = XCBuildConfiguration;
			buildSettings = {
				ASSETCATALOG_COMPILER_GENERATE_SWIFT_ASSET_SYMBOL_EXTENSIONS = YES;
				CODE_SIGN_STYLE = Automatic;
				CURRENT_PROJECT_VERSION = 1;
				DEVELOPMENT_TEAM = SYBRVMM79X;
				ENABLE_USER_SCRIPT_SANDBOXING = YES;
				GCC_C_LANGUAGE_STANDARD = gnu17;
				GENERATE_INFOPLIST_FILE = YES;
				IPHONEOS_DEPLOYMENT_TARGET = 18.2;
				LOCALIZATION_PREFERS_STRING_CATALOGS = YES;
				MARKETING_VERSION = 1.0;
				OTHER_SWIFT_FLAGS = "";
				PRODUCT_BUNDLE_IDENTIFIER = "com.GoodSwiftUI-SnapshotTests";
				PRODUCT_NAME = "$(TARGET_NAME)";
				SWIFT_ACTIVE_COMPILATION_CONDITIONS = "DEBUG $(inherited)";
				SWIFT_EMIT_LOC_STRINGS = NO;
				SWIFT_VERSION = 5.0;
				TARGETED_DEVICE_FAMILY = "1,2";
				TEST_TARGET_NAME = "GoodSwiftUI-Sample";
			};
			name = Debug;
		};
		785923162E0EBEE400AE0B16 /* Release */ = {
			isa = XCBuildConfiguration;
			buildSettings = {
				ASSETCATALOG_COMPILER_GENERATE_SWIFT_ASSET_SYMBOL_EXTENSIONS = YES;
				CODE_SIGN_STYLE = Automatic;
				CURRENT_PROJECT_VERSION = 1;
				DEVELOPMENT_TEAM = SYBRVMM79X;
				ENABLE_USER_SCRIPT_SANDBOXING = YES;
				GCC_C_LANGUAGE_STANDARD = gnu17;
				GENERATE_INFOPLIST_FILE = YES;
				IPHONEOS_DEPLOYMENT_TARGET = 18.2;
				LOCALIZATION_PREFERS_STRING_CATALOGS = YES;
				MARKETING_VERSION = 1.0;
				OTHER_SWIFT_FLAGS = "";
				PRODUCT_BUNDLE_IDENTIFIER = "com.GoodSwiftUI-SnapshotTests";
				PRODUCT_NAME = "$(TARGET_NAME)";
				SWIFT_EMIT_LOC_STRINGS = NO;
				SWIFT_VERSION = 5.0;
				TARGETED_DEVICE_FAMILY = "1,2";
				TEST_TARGET_NAME = "GoodSwiftUI-Sample";
			};
			name = Release;
		};
/* End XCBuildConfiguration section */

/* Begin XCConfigurationList section */
		0942DDE42D91CB61006E7B2D /* Build configuration list for PBXNativeTarget "GoodSwiftUI-UITests" */ = {
			isa = XCConfigurationList;
			buildConfigurations = (
				0942DDE52D91CB61006E7B2D /* Debug */,
				0942DDE62D91CB61006E7B2D /* Release */,
			);
			defaultConfigurationIsVisible = 0;
			defaultConfigurationName = Release;
		};
		5D740EA429B0BE0100975B8C /* Build configuration list for PBXProject "GoodSwiftUI-Sample" */ = {
			isa = XCConfigurationList;
			buildConfigurations = (
				5D740EBD29B0BE0200975B8C /* Debug */,
				5D740EBE29B0BE0200975B8C /* Release */,
			);
			defaultConfigurationIsVisible = 0;
			defaultConfigurationName = Release;
		};
		5D740EBF29B0BE0200975B8C /* Build configuration list for PBXNativeTarget "GoodSwiftUI-Sample" */ = {
			isa = XCConfigurationList;
			buildConfigurations = (
				5D740EC029B0BE0200975B8C /* Debug */,
				5D740EC129B0BE0200975B8C /* Release */,
			);
			defaultConfigurationIsVisible = 0;
			defaultConfigurationName = Release;
		};
		785923172E0EBEE400AE0B16 /* Build configuration list for PBXNativeTarget "GoodSwiftUI-SnapshotTests" */ = {
			isa = XCConfigurationList;
			buildConfigurations = (
				785923152E0EBEE400AE0B16 /* Debug */,
				785923162E0EBEE400AE0B16 /* Release */,
			);
			defaultConfigurationIsVisible = 0;
			defaultConfigurationName = Release;
		};
/* End XCConfigurationList section */

/* Begin XCRemoteSwiftPackageReference section */
		785923182E0EBF8100AE0B16 /* XCRemoteSwiftPackageReference "swift-snapshot-testing" */ = {
			isa = XCRemoteSwiftPackageReference;
			repositoryURL = "https://github.com/pointfreeco/swift-snapshot-testing.git";
			requirement = {
				kind = upToNextMajorVersion;
				minimumVersion = 1.18.4;
			};
		};
/* End XCRemoteSwiftPackageReference section */

/* Begin XCSwiftPackageProductDependency section */
		3F9F28472A3AECC700D92CA2 /* GRAsyncImage */ = {
			isa = XCSwiftPackageProductDependency;
			productName = GRAsyncImage;
		};
		5D740EC529B0BE7300975B8C /* GoodSwiftUI */ = {
			isa = XCSwiftPackageProductDependency;
			productName = GoodSwiftUI;
		};
		7837A18F2E0EC10100322920 /* GRButton */ = {
			isa = XCSwiftPackageProductDependency;
			productName = GRButton;
		};
		785923192E0EBF8100AE0B16 /* InlineSnapshotTesting */ = {
			isa = XCSwiftPackageProductDependency;
			package = 785923182E0EBF8100AE0B16 /* XCRemoteSwiftPackageReference "swift-snapshot-testing" */;
			productName = InlineSnapshotTesting;
		};
		7859231B2E0EBF8100AE0B16 /* SnapshotTesting */ = {
			isa = XCSwiftPackageProductDependency;
			package = 785923182E0EBF8100AE0B16 /* XCRemoteSwiftPackageReference "swift-snapshot-testing" */;
			productName = SnapshotTesting;
		};
		7859231D2E0EBF8100AE0B16 /* SnapshotTestingCustomDump */ = {
			isa = XCSwiftPackageProductDependency;
			package = 785923182E0EBF8100AE0B16 /* XCRemoteSwiftPackageReference "swift-snapshot-testing" */;
			productName = SnapshotTestingCustomDump;
		};
		78C2ACDF2E12A0F700CD05C5 /* GRToggle */ = {
			isa = XCSwiftPackageProductDependency;
			productName = GRToggle;
		};
		78EF6B9F2E1E4ED000BCE708 /* GRInputField */ = {
			isa = XCSwiftPackageProductDependency;
			productName = GRInputField;
		};
/* End XCSwiftPackageProductDependency section */
	};
	rootObject = 5D740EA129B0BE0100975B8C /* Project object */;
}
